# THIS IS AN AUTOGENERATED FILE. DO NOT EDIT THIS FILE DIRECTLY.
# yarn lockfile v1


"@formio/enterprise-builder-core@^1.0.0-dev.3":
  version "1.0.0-dev.3"
  resolved "https://registry.npmjs.org/@formio/enterprise-builder-core/-/enterprise-builder-core-1.0.0-dev.3.tgz#6525285f25271239de0f9d68f18db1cd55eba9bc"
  integrity sha512-qnB3ljcnyMfuAmMkLJzbPXCIVSeLfEub3fOTsDFD380kMyNXTYvArPnrg0hpeiA1gSkNPoaqpFMxsggV8mgPzA==
