# THIS IS AN AUTOGENERATED FILE. DO NOT EDIT THIS FILE DIRECTLY.
# yarn lockfile v1


"@formio/enterprise-builder-core@^1.0.0-dev.5":
  version "1.0.0-dev.5"
  resolved "https://registry.npmjs.org/@formio/enterprise-builder-core/-/enterprise-builder-core-1.0.0-dev.5.tgz#55dffece990e448e31e1406bfe9d1733103f7333"
  integrity sha512-TxZSZOWB/l7n0S+3QgrISd8cmJ1EIpVsp2RBfaCeSn+RMyotmAG7tXLBBkqQa/h7rKMz4j25wd1JUdTzSRI5Rg==
