# THIS IS AN AUTOGENERATED FILE. DO NOT EDIT THIS FILE DIRECTLY.
# yarn lockfile v1


"@formio/enterprise-builder-core@^1.0.0-rc.1":
  version "1.0.0-rc.1"
  resolved "https://registry.npmjs.org/@formio/enterprise-builder-core/-/enterprise-builder-core-1.0.0-rc.1.tgz#4ea868935311b3a7208174447df85b59d479f26a"
  integrity sha512-QsdK/D2rcg5abiu+gI4FCM5SO0df6H2rucp8Oatby8d85jecg/aBh4CCZs3S7zBt62YsyctCUHkWpXR517AoHQ==
